
Microsoft Visual Studio Solution File, Format Version 12.00
# Visual Studio Version 16
VisualStudioVersion = 16.0.29306.81
MinimumVisualStudioVersion = 10.0.40219.1
Project("{FAE04EC0-301F-11D3-BF4B-00C04F79EFBC}") = "projetoJogo1", "projetoJogo1\projetoJogo1.csproj", "{C9203F5C-CA67-4FA7-927F-B8FAC6552C7D}"
EndProject
Global
	GlobalSection(SolutionConfigurationPlatforms) = preSolution
		Debug|Any CPU = Debug|Any CPU
		Release|Any CPU = Release|Any CPU
	EndGlobalSection
	GlobalSection(ProjectConfigurationPlatforms) = postSolution
		{C9203F5C-CA67-4FA7-927F-B8FAC6552C7D}.Debug|Any CPU.ActiveCfg = Debug|Any CPU
		{C9203F5C-CA67-4FA7-927F-B8FAC6552C7D}.Debug|Any CPU.Build.0 = Debug|Any CPU
		{C9203F5C-CA67-4FA7-927F-B8FAC6552C7D}.Release|Any CPU.ActiveCfg = Release|Any CPU
		{C9203F5C-CA67-4FA7-927F-B8FAC6552C7D}.Release|Any CPU.Build.0 = Release|Any CPU
	EndGlobalSection
	GlobalSection(SolutionProperties) = preSolution
		HideSolutionNode = FALSE
	EndGlobalSection
	GlobalSection(ExtensibilityGlobals) = postSolution
		SolutionGuid = {FE644CB4-B25C-422F-872E-B900F32F1BD0}
	EndGlobalSection
EndGlobal
